
Microsoft Visual Studio Solution File, Format Version 12.00
# Visual Studio 15
VisualStudioVersion = 15.0.26730.12
MinimumVisualStudioVersion = 10.0.40219.1
Project("{FAE04EC0-301F-11D3-BF4B-00C04F79EFBC}") = "Rx.AspNetCore.EntityFramework", "src\Rx.AspNetCore.EntityFramework\Rx.AspNetCore.EntityFramework.csproj", "{74ABDD04-FF0C-446F-8853-6F9EBF456097}"
EndProject
Project("{FAE04EC0-301F-11D3-BF4B-00C04F79EFBC}") = "Rx.AspNet.EntityFramework", "src\Rx.AspNet.EntityFramework\Rx.AspNet.EntityFramework.csproj", "{51DD8CDF-DDAC-42E1-A260-7C295DCC4E2B}"
EndProject
Project("{FAE04EC0-301F-11D3-BF4B-00C04F79EFBC}") = "Rx.AspNetCore.Cache", "src\Rx.Core.Cache\Rx.AspNetCore.Cache.csproj", "{C0E2A696-CA4A-436A-8470-F502323709EB}"
EndProject
Project("{FAE04EC0-301F-11D3-BF4B-00C04F79EFBC}") = "Rx.AspNetCore.Security", "src\Rx.AspNetCore.Security\Rx.AspNetCore.Security.csproj", "{323EA37E-C8AF-4642-B023-555A98751C41}"
EndProject
Project("{FAE04EC0-301F-11D3-BF4B-00C04F79EFBC}") = "Rx.AspNetCore.Core", "src\Rx.AspNetCore.Core\Rx.AspNetCore.Core.csproj", "{B3D694CC-D2E2-4491-8FC5-B168B49DF4F1}"
EndProject
Global
	GlobalSection(SolutionConfigurationPlatforms) = preSolution
		Debug|Any CPU = Debug|Any CPU
		Release|Any CPU = Release|Any CPU
	EndGlobalSection
	GlobalSection(ProjectConfigurationPlatforms) = postSolution
		{74ABDD04-FF0C-446F-8853-6F9EBF456097}.Debug|Any CPU.ActiveCfg = Debug|Any CPU
		{74ABDD04-FF0C-446F-8853-6F9EBF456097}.Debug|Any CPU.Build.0 = Debug|Any CPU
		{74ABDD04-FF0C-446F-8853-6F9EBF456097}.Release|Any CPU.ActiveCfg = Release|Any CPU
		{74ABDD04-FF0C-446F-8853-6F9EBF456097}.Release|Any CPU.Build.0 = Release|Any CPU
		{51DD8CDF-DDAC-42E1-A260-7C295DCC4E2B}.Debug|Any CPU.ActiveCfg = Debug|Any CPU
		{51DD8CDF-DDAC-42E1-A260-7C295DCC4E2B}.Debug|Any CPU.Build.0 = Debug|Any CPU
		{51DD8CDF-DDAC-42E1-A260-7C295DCC4E2B}.Release|Any CPU.ActiveCfg = Release|Any CPU
		{51DD8CDF-DDAC-42E1-A260-7C295DCC4E2B}.Release|Any CPU.Build.0 = Release|Any CPU
		{C0E2A696-CA4A-436A-8470-F502323709EB}.Debug|Any CPU.ActiveCfg = Debug|Any CPU
		{C0E2A696-CA4A-436A-8470-F502323709EB}.Debug|Any CPU.Build.0 = Debug|Any CPU
		{C0E2A696-CA4A-436A-8470-F502323709EB}.Release|Any CPU.ActiveCfg = Release|Any CPU
		{C0E2A696-CA4A-436A-8470-F502323709EB}.Release|Any CPU.Build.0 = Release|Any CPU
		{323EA37E-C8AF-4642-B023-555A98751C41}.Debug|Any CPU.ActiveCfg = Debug|Any CPU
		{323EA37E-C8AF-4642-B023-555A98751C41}.Debug|Any CPU.Build.0 = Debug|Any CPU
		{323EA37E-C8AF-4642-B023-555A98751C41}.Release|Any CPU.ActiveCfg = Release|Any CPU
		{323EA37E-C8AF-4642-B023-555A98751C41}.Release|Any CPU.Build.0 = Release|Any CPU
		{B3D694CC-D2E2-4491-8FC5-B168B49DF4F1}.Debug|Any CPU.ActiveCfg = Debug|Any CPU
		{B3D694CC-D2E2-4491-8FC5-B168B49DF4F1}.Debug|Any CPU.Build.0 = Debug|Any CPU
		{B3D694CC-D2E2-4491-8FC5-B168B49DF4F1}.Release|Any CPU.ActiveCfg = Release|Any CPU
		{B3D694CC-D2E2-4491-8FC5-B168B49DF4F1}.Release|Any CPU.Build.0 = Release|Any CPU
	EndGlobalSection
	GlobalSection(SolutionProperties) = preSolution
		HideSolutionNode = FALSE
	EndGlobalSection
	GlobalSection(ExtensibilityGlobals) = postSolution
		SolutionGuid = {C5B4C116-9E88-46E0-9DB3-414D517E030A}
	EndGlobalSection
EndGlobal
